
Microsoft Visual Studio Solution File, Format Version 12.00
# Visual Studio 15
VisualStudioVersion = 15.0.28307.168
MinimumVisualStudioVersion = 10.0.40219.1
Project("{8BC9CEB8-8B4A-11D0-8D11-00A0C91BC942}") = "B577027 이재형 기말 프로젝트 택배로봇 B409", "B577027 이재형 기말 프로젝트 택배로봇 B409\B577027 이재형 기말 프로젝트 택배로봇 B409.vcxproj", "{BBF7F1B9-112A-4B9F-8428-FAB5065D65EA}"
EndProject
Global
	GlobalSection(SolutionConfigurationPlatforms) = preSolution
		Debug|x64 = Debug|x64
		Debug|x86 = Debug|x86
		Release|x64 = Release|x64
		Release|x86 = Release|x86
	EndGlobalSection
	GlobalSection(ProjectConfigurationPlatforms) = postSolution
		{BBF7F1B9-112A-4B9F-8428-FAB5065D65EA}.Debug|x64.ActiveCfg = Debug|x64
		{BBF7F1B9-112A-4B9F-8428-FAB5065D65EA}.Debug|x64.Build.0 = Debug|x64
		{BBF7F1B9-112A-4B9F-8428-FAB5065D65EA}.Debug|x86.ActiveCfg = Debug|Win32
		{BBF7F1B9-112A-4B9F-8428-FAB5065D65EA}.Debug|x86.Build.0 = Debug|Win32
		{BBF7F1B9-112A-4B9F-8428-FAB5065D65EA}.Release|x64.ActiveCfg = Release|x64
		{BBF7F1B9-112A-4B9F-8428-FAB5065D65EA}.Release|x64.Build.0 = Release|x64
		{BBF7F1B9-112A-4B9F-8428-FAB5065D65EA}.Release|x86.ActiveCfg = Release|Win32
		{BBF7F1B9-112A-4B9F-8428-FAB5065D65EA}.Release|x86.Build.0 = Release|Win32
	EndGlobalSection
	GlobalSection(SolutionProperties) = preSolution
		HideSolutionNode = FALSE
	EndGlobalSection
	GlobalSection(ExtensibilityGlobals) = postSolution
		SolutionGuid = {D453C3AC-2371-4397-A23C-1DC3A8B014EF}
	EndGlobalSection
EndGlobal
