<?xml version="1.0" encoding="utf-8"?>
<Project ToolsVersion="4.0" xmlns="http://schemas.microsoft.com/developer/msbuild/2003">
  <ItemGroup>
    <Filter Include="소스 파일">
      <UniqueIdentifier>{4FC737F1-C7A5-4376-A066-2A32D752A2FF}</UniqueIdentifier>
      <Extensions>cpp;c;cc;cxx;def;odl;idl;hpj;bat;asm;asmx</Extensions>
    </Filter>
    <Filter Include="헤더 파일">
      <UniqueIdentifier>{93995380-89BD-4b04-88EB-625FBE52EBFB}</UniqueIdentifier>
      <Extensions>h;hh;hpp;hxx;hm;inl;inc;ipp;xsd</Extensions>
    </Filter>
    <Filter Include="리소스 파일">
      <UniqueIdentifier>{67DA6AB6-F800-4c08-8B7A-83BB121AAD01}</UniqueIdentifier>
      <Extensions>rc;ico;cur;bmp;dlg;rc2;rct;bin;rgs;gif;jpg;jpeg;jpe;resx;tiff;tif;png;wav;mfcribbon-ms</Extensions>
    </Filter>
  </ItemGroup>
  <ItemGroup>
    <ClCompile Include="cameraclass.cpp">
      <Filter>소스 파일</Filter>
    </ClCompile>
    <ClCompile Include="cpuclass.cpp">
      <Filter>소스 파일</Filter>
    </ClCompile>
    <ClCompile Include="d3dclass.cpp">
      <Filter>소스 파일</Filter>
    </ClCompile>
    <ClCompile Include="fontclass.cpp">
      <Filter>소스 파일</Filter>
    </ClCompile>
    <ClCompile Include="fontshaderclass.cpp">
      <Filter>소스 파일</Filter>
    </ClCompile>
    <ClCompile Include="fpsclass.cpp">
      <Filter>소스 파일</Filter>
    </ClCompile>
    <ClCompile Include="graphicsclass.cpp">
      <Filter>소스 파일</Filter>
    </ClCompile>
    <ClCompile Include="inputclass.cpp">
      <Filter>소스 파일</Filter>
    </ClCompile>
    <ClCompile Include="lightclass.cpp">
      <Filter>소스 파일</Filter>
    </ClCompile>
    <ClCompile Include="lightshaderclass.cpp">
      <Filter>소스 파일</Filter>
    </ClCompile>
    <ClCompile Include="main.cpp">
      <Filter>소스 파일</Filter>
    </ClCompile>
    <ClCompile Include="meshclass.cpp">
      <Filter>소스 파일</Filter>
    </ClCompile>
    <ClCompile Include="modelclass.cpp">
      <Filter>소스 파일</Filter>
    </ClCompile>
    <ClCompile Include="OBJparser.cpp">
      <Filter>소스 파일</Filter>
    </ClCompile>
    <ClCompile Include="ODEclass.cpp">
      <Filter>소스 파일</Filter>
    </ClCompile>
    <ClCompile Include="skyboxclass.cpp">
      <Filter>소스 파일</Filter>
    </ClCompile>
    <ClCompile Include="soundclass.cpp">
      <Filter>소스 파일</Filter>
    </ClCompile>
    <ClCompile Include="systemclass.cpp">
      <Filter>소스 파일</Filter>
    </ClCompile>
    <ClCompile Include="textclass.cpp">
      <Filter>소스 파일</Filter>
    </ClCompile>
    <ClCompile Include="textureclass.cpp">
      <Filter>소스 파일</Filter>
    </ClCompile>
    <ClCompile Include="timerclass.cpp">
      <Filter>소스 파일</Filter>
    </ClCompile>
  </ItemGroup>
  <ItemGroup>
    <ClInclude Include="cameraclass.h">
      <Filter>헤더 파일</Filter>
    </ClInclude>
    <ClInclude Include="cpuclass.h">
      <Filter>헤더 파일</Filter>
    </ClInclude>
    <ClInclude Include="d3dclass.h">
      <Filter>헤더 파일</Filter>
    </ClInclude>
    <ClInclude Include="fontclass.h">
      <Filter>헤더 파일</Filter>
    </ClInclude>
    <ClInclude Include="fpsclass.h">
      <Filter>헤더 파일</Filter>
    </ClInclude>
    <ClInclude Include="fontshaderclass.h">
      <Filter>헤더 파일</Filter>
    </ClInclude>
    <ClInclude Include="graphicsclass.h">
      <Filter>헤더 파일</Filter>
    </ClInclude>
    <ClInclude Include="lightclass.h">
      <Filter>헤더 파일</Filter>
    </ClInclude>
    <ClInclude Include="inputclass.h">
      <Filter>헤더 파일</Filter>
    </ClInclude>
    <ClInclude Include="lightshaderclass.h">
      <Filter>헤더 파일</Filter>
    </ClInclude>
    <ClInclude Include="meshclass.h">
      <Filter>헤더 파일</Filter>
    </ClInclude>
    <ClInclude Include="modelclass.h">
      <Filter>헤더 파일</Filter>
    </ClInclude>
    <ClInclude Include="OBJparser.h">
      <Filter>헤더 파일</Filter>
    </ClInclude>
    <ClInclude Include="ODEclass.h">
      <Filter>헤더 파일</Filter>
    </ClInclude>
    <ClInclude Include="skyboxclass.h">
      <Filter>헤더 파일</Filter>
    </ClInclude>
    <ClInclude Include="soundclass.h">
      <Filter>헤더 파일</Filter>
    </ClInclude>
    <ClInclude Include="systemclass.h">
      <Filter>헤더 파일</Filter>
    </ClInclude>
    <ClInclude Include="textclass.h">
      <Filter>헤더 파일</Filter>
    </ClInclude>
    <ClInclude Include="textureclass.h">
      <Filter>헤더 파일</Filter>
    </ClInclude>
    <ClInclude Include="timerclass.h">
      <Filter>헤더 파일</Filter>
    </ClInclude>
  </ItemGroup>
  <ItemGroup>
    <None Include="..\Engine\font.ps">
      <Filter>리소스 파일</Filter>
    </None>
    <None Include="..\Engine\font.vs">
      <Filter>리소스 파일</Filter>
    </None>
    <None Include="..\Engine\light.ps">
      <Filter>리소스 파일</Filter>
    </None>
    <None Include="..\Engine\light.vs">
      <Filter>리소스 파일</Filter>
    </None>
  </ItemGroup>
</Project>